
Microsoft Visual Studio Solution File, Format Version 12.00
# Visual Studio Version 16
VisualStudioVersion = 16.0.31410.357
MinimumVisualStudioVersion = 10.0.40219.1
Project("{FAE04EC0-301F-11D3-BF4B-00C04F79EFBC}") = "Timer.Server", "Timer\Server\Timer.Server.csproj", "{3E9EE930-7825-4DD5-9322-5A43BC1905BE}"
EndProject
Project("{FAE04EC0-301F-11D3-BF4B-00C04F79EFBC}") = "Timer.Client", "Timer\Client\Timer.Client.csproj", "{1097E170-18CD-4EDC-9031-BE57F94722BC}"
EndProject
Project("{FAE04EC0-301F-11D3-BF4B-00C04F79EFBC}") = "Timer.Shared", "Timer\Shared\Timer.Shared.csproj", "{308F8831-A377-4487-9263-DDD01B7270A0}"
EndProject
Global
	GlobalSection(SolutionConfigurationPlatforms) = preSolution
		Debug|Any CPU = Debug|Any CPU
		Release|Any CPU = Release|Any CPU
	EndGlobalSection
	GlobalSection(ProjectConfigurationPlatforms) = postSolution
		{3E9EE930-7825-4DD5-9322-5A43BC1905BE}.Debug|Any CPU.ActiveCfg = Debug|Any CPU
		{3E9EE930-7825-4DD5-9322-5A43BC1905BE}.Debug|Any CPU.Build.0 = Debug|Any CPU
		{3E9EE930-7825-4DD5-9322-5A43BC1905BE}.Release|Any CPU.ActiveCfg = Release|Any CPU
		{3E9EE930-7825-4DD5-9322-5A43BC1905BE}.Release|Any CPU.Build.0 = Release|Any CPU
		{1097E170-18CD-4EDC-9031-BE57F94722BC}.Debug|Any CPU.ActiveCfg = Debug|Any CPU
		{1097E170-18CD-4EDC-9031-BE57F94722BC}.Debug|Any CPU.Build.0 = Debug|Any CPU
		{1097E170-18CD-4EDC-9031-BE57F94722BC}.Release|Any CPU.ActiveCfg = Release|Any CPU
		{1097E170-18CD-4EDC-9031-BE57F94722BC}.Release|Any CPU.Build.0 = Release|Any CPU
		{308F8831-A377-4487-9263-DDD01B7270A0}.Debug|Any CPU.ActiveCfg = Debug|Any CPU
		{308F8831-A377-4487-9263-DDD01B7270A0}.Debug|Any CPU.Build.0 = Debug|Any CPU
		{308F8831-A377-4487-9263-DDD01B7270A0}.Release|Any CPU.ActiveCfg = Release|Any CPU
		{308F8831-A377-4487-9263-DDD01B7270A0}.Release|Any CPU.Build.0 = Release|Any CPU
	EndGlobalSection
	GlobalSection(SolutionProperties) = preSolution
		HideSolutionNode = FALSE
	EndGlobalSection
	GlobalSection(ExtensibilityGlobals) = postSolution
		SolutionGuid = {FF1515D7-0454-4035-9668-1A8DBD0A2FE2}
	EndGlobalSection
EndGlobal
